
Microsoft Visual Studio Solution File, Format Version 12.00
# Visual Studio Version 17
VisualStudioVersion = 17.10.34928.147
MinimumVisualStudioVersion = 10.0.40219.1
Project("{FAE04EC0-301F-11D3-BF4B-00C04F79EFBC}") = "Api_Construção", "Api_Construção.csproj", "{756F59A1-2381-4254-9006-418F4C91002B}"
EndProject
Global
	GlobalSection(SolutionConfigurationPlatforms) = preSolution
		Debug|Any CPU = Debug|Any CPU
		Release|Any CPU = Release|Any CPU
	EndGlobalSection
	GlobalSection(ProjectConfigurationPlatforms) = postSolution
		{756F59A1-2381-4254-9006-418F4C91002B}.Debug|Any CPU.ActiveCfg = Debug|Any CPU
		{756F59A1-2381-4254-9006-418F4C91002B}.Debug|Any CPU.Build.0 = Debug|Any CPU
		{756F59A1-2381-4254-9006-418F4C91002B}.Release|Any CPU.ActiveCfg = Release|Any CPU
		{756F59A1-2381-4254-9006-418F4C91002B}.Release|Any CPU.Build.0 = Release|Any CPU
	EndGlobalSection
	GlobalSection(SolutionProperties) = preSolution
		HideSolutionNode = FALSE
	EndGlobalSection
	GlobalSection(ExtensibilityGlobals) = postSolution
		SolutionGuid = {5EE51384-CCDE-4FFA-81AC-B4FD6276764B}
	EndGlobalSection
EndGlobal
